
Microsoft Visual Studio Solution File, Format Version 12.00
# Visual Studio Version 17
VisualStudioVersion = 17.7.34024.191
MinimumVisualStudioVersion = 10.0.40219.1
Project("{9A19103F-16F7-4668-BE54-9A1E7A4F7556}") = "Task_1", "Task_1\Task_1.csproj", "{B05C0BDC-86C6-4631-B3AD-AC87816CB894}"
EndProject
Global
	GlobalSection(SolutionConfigurationPlatforms) = preSolution
		Debug|Any CPU = Debug|Any CPU
		Release|Any CPU = Release|Any CPU
	EndGlobalSection
	GlobalSection(ProjectConfigurationPlatforms) = postSolution
		{B05C0BDC-86C6-4631-B3AD-AC87816CB894}.Debug|Any CPU.ActiveCfg = Debug|Any CPU
		{B05C0BDC-86C6-4631-B3AD-AC87816CB894}.Debug|Any CPU.Build.0 = Debug|Any CPU
		{B05C0BDC-86C6-4631-B3AD-AC87816CB894}.Release|Any CPU.ActiveCfg = Release|Any CPU
		{B05C0BDC-86C6-4631-B3AD-AC87816CB894}.Release|Any CPU.Build.0 = Release|Any CPU
	EndGlobalSection
	GlobalSection(SolutionProperties) = preSolution
		HideSolutionNode = FALSE
	EndGlobalSection
	GlobalSection(ExtensibilityGlobals) = postSolution
		SolutionGuid = {2D64C10E-81DA-4402-BDE7-2A954B27121F}
	EndGlobalSection
EndGlobal
